
Microsoft Visual Studio Solution File, Format Version 12.00
# Visual Studio Version 16
VisualStudioVersion = 16.0.31410.357
MinimumVisualStudioVersion = 10.0.40219.1
Project("{FAE04EC0-301F-11D3-BF4B-00C04F79EFBC}") = "ConsoleUI", "ConsoleUI\ConsoleUI.csproj", "{86ACB194-82DF-4EC2-8184-3E3AEB701564}"
EndProject
Global
	GlobalSection(SolutionConfigurationPlatforms) = preSolution
		Debug|Any CPU = Debug|Any CPU
		Release|Any CPU = Release|Any CPU
	EndGlobalSection
	GlobalSection(ProjectConfigurationPlatforms) = postSolution
		{86ACB194-82DF-4EC2-8184-3E3AEB701564}.Debug|Any CPU.ActiveCfg = Debug|Any CPU
		{86ACB194-82DF-4EC2-8184-3E3AEB701564}.Debug|Any CPU.Build.0 = Debug|Any CPU
		{86ACB194-82DF-4EC2-8184-3E3AEB701564}.Release|Any CPU.ActiveCfg = Release|Any CPU
		{86ACB194-82DF-4EC2-8184-3E3AEB701564}.Release|Any CPU.Build.0 = Release|Any CPU
	EndGlobalSection
	GlobalSection(SolutionProperties) = preSolution
		HideSolutionNode = FALSE
	EndGlobalSection
	GlobalSection(ExtensibilityGlobals) = postSolution
		SolutionGuid = {9D0A3130-0B6F-4D75-BAE6-C867EC6450CE}
	EndGlobalSection
EndGlobal
